{
  "name": "hwf-staffapp",
  "version": "3.3.4",
  "lockfileVersion": 3,
  "requires": true,
  "packages": {
    "": {
      "name": "hwf-staffapp",
      "version": "3.3.4",
      "license": "ISC",
      "dependencies": {
        "accessible-autocomplete": "^3.0.0",
        "govuk-frontend": "^5.5.0"
      },
      "engines": {
        "node": ">=0.18.x"
      }
    },
    "node_modules/accessible-autocomplete": {
      "version": "3.0.1",
      "resolved": "https://registry.npmjs.org/accessible-autocomplete/-/accessible-autocomplete-3.0.1.tgz",
      "integrity": "sha512-xMshgc2LT5addvvfCTGzIkRrvhbOFeylFSnSMfS/PdjvvvElZkakCwxO3/yJYBWyi1hi3tZloqOJQ5kqqJtH4g==",
      "license": "MIT",
      "peerDependencies": {
        "preact": "^8.0.0"
      },
      "peerDependenciesMeta": {
        "preact": {
          "optional": true
        }
      }
    },
    "node_modules/govuk-frontend": {
      "version": "5.5.0",
      "resolved": "https://registry.npmjs.org/govuk-frontend/-/govuk-frontend-5.5.0.tgz",
      "integrity": "sha512-lNSHCOzgk6LfgelcdtJxTLK1BX/cpjCUyEB3LnzliD9o9YQckNMsbj5+jSOs2RFy6XBJ/DJqxj2TKfjBCuzpyA==",
      "engines": {
        "node": ">= 4.2.0"
      }
    },
    "node_modules/preact": {
      "version": "8.5.3",
      "resolved": "https://registry.npmjs.org/preact/-/preact-8.5.3.tgz",
      "integrity": "sha512-O3kKP+1YdgqHOFsZF2a9JVdtqD+RPzCQc3rP+Ualf7V6rmRDchZ9MJbiGTT7LuyqFKZqlHSOyO/oMFmI2lVTsw==",
      "hasInstallScript": true,
      "optional": true,
      "peer": true
    }
  }
}
