{
  "name": "hwf-staffapp",
  "version": "3.3.5",
  "lockfileVersion": 3,
  "requires": true,
  "packages": {
    "": {
      "name": "hwf-staffapp",
      "version": "3.3.5",
      "license": "ISC",
      "dependencies": {
        "accessible-autocomplete": "^3.0.0",
        "govuk-frontend": "^5.7.1"
      },
      "engines": {
        "node": ">=0.18.x"
      }
    },
    "node_modules/accessible-autocomplete": {
      "version": "3.0.1",
      "resolved": "https://registry.npmjs.org/accessible-autocomplete/-/accessible-autocomplete-3.0.1.tgz",
      "integrity": "sha512-xMshgc2LT5addvvfCTGzIkRrvhbOFeylFSnSMfS/PdjvvvElZkakCwxO3/yJYBWyi1hi3tZloqOJQ5kqqJtH4g==",
      "license": "MIT",
      "peerDependencies": {
        "preact": "^8.0.0"
      },
      "peerDependenciesMeta": {
        "preact": {
          "optional": true
        }
      }
    },
    "node_modules/govuk-frontend": {
      "version": "5.8.0",
      "resolved": "https://registry.npmjs.org/govuk-frontend/-/govuk-frontend-5.8.0.tgz",
      "integrity": "sha512-6l3f/YhDUCWjpmSW3CL95Hg8B+ZLzTf2WYo25ZtCs2Lb8UIzxxxFI8LxG7Ey/z04UuPhUunqFhTwSkQyJ69XbQ==",
      "license": "MIT",
      "engines": {
        "node": ">= 4.2.0"
      }
    }
  }
}
