# THIS IS AN AUTOGENERATED FILE. DO NOT EDIT THIS FILE DIRECTLY.
# yarn lockfile v1


"@rails/actiontext@^8.0.100":
  version "8.0.100"
  resolved "https://registry.yarnpkg.com/@rails/actiontext/-/actiontext-8.0.100.tgz#251d7c2aa0747541897c6dd805147eadf4fa162f"
  integrity sha512-/Q1m6owfmRsVQ6xL/pyRtJiSgQxE3LMsqVk5/6d+H7om5E9xmjZNr2fGy5n3PZfrpAuJhFjWZZjTPLYrMqTaKA==
  dependencies:
    "@rails/activestorage" ">= 8.0.0-alpha"

"@rails/activestorage@>= 8.0.0-alpha":
  version "8.0.100"
  resolved "https://registry.yarnpkg.com/@rails/activestorage/-/activestorage-8.0.100.tgz#a04f84b8e2359dce5c9cac0d2f408cd530d1495a"
  integrity sha512-/fIFav9RFFzQKK3a91O2OOdnHxPx+mBIR6wZDxeH9bcbDf2dZqhVcr5DGRJuhkF8U7C3s0tYvYafscmkBNRlHQ==
  dependencies:
    spark-md5 "^3.0.1"

"@types/trusted-types@^2.0.7":
  version "2.0.7"
  resolved "https://registry.yarnpkg.com/@types/trusted-types/-/trusted-types-2.0.7.tgz#baccb07a970b91707df3a3e8ba6896c57ead2d11"
  integrity sha512-ScaPdn1dQczgbl0QFTeTOmVHFULt394XJgOQNoyVhZ6r2vLnMLJfBPd53SB52T/3G36VI1/g2MZaX0cwDuXsfw==

accessible-autocomplete@^3.0.0:
  version "3.0.1"
  resolved "https://registry.yarnpkg.com/accessible-autocomplete/-/accessible-autocomplete-3.0.1.tgz#8ddf4934d0b4ba6acb28de486dd505e062cdc86e"
  integrity sha512-xMshgc2LT5addvvfCTGzIkRrvhbOFeylFSnSMfS/PdjvvvElZkakCwxO3/yJYBWyi1hi3tZloqOJQ5kqqJtH4g==

dompurify@^3.2.3:
  version "3.2.4"
  resolved "https://registry.yarnpkg.com/dompurify/-/dompurify-3.2.4.tgz#af5a5a11407524431456cf18836c55d13441cd8e"
  integrity sha512-ysFSFEDVduQpyhzAob/kkuJjf5zWkZD8/A9ywSp1byueyuCfHamrCBa14/Oc2iiB0e51B+NpxSl5gmzn+Ms/mg==
  optionalDependencies:
    "@types/trusted-types" "^2.0.7"

govuk-frontend@^5.7.1:
  version "5.8.0"
  resolved "https://registry.yarnpkg.com/govuk-frontend/-/govuk-frontend-5.8.0.tgz#da1b03cb4f2ba1f6036be0dac3c5327c3405174c"
  integrity sha512-6l3f/YhDUCWjpmSW3CL95Hg8B+ZLzTf2WYo25ZtCs2Lb8UIzxxxFI8LxG7Ey/z04UuPhUunqFhTwSkQyJ69XbQ==

spark-md5@^3.0.1:
  version "3.0.2"
  resolved "https://registry.yarnpkg.com/spark-md5/-/spark-md5-3.0.2.tgz#7952c4a30784347abcee73268e473b9c0167e3fc"
  integrity sha512-wcFzz9cDfbuqe0FZzfi2or1sgyIrsDwmPwfZC4hiNidPdPINjeUwNfv5kldczoEAcjl9Y1L3SM7Uz2PUEQzxQw==

trix@^2.1.12:
  version "2.1.12"
  resolved "https://registry.yarnpkg.com/trix/-/trix-2.1.12.tgz#102306c3a90afcc5b66815ce8d631ee43048a477"
  integrity sha512-0hQvJdy257XuzRdCzSQ/QvcqyTp+8ixMxVLWxSbWvEzD2kgKFlcrMjgWZbtVkJENaod+jm2sBTOWAZVNWK+DMA==
  dependencies:
    dompurify "^3.2.3"
